
Microsoft Visual Studio Solution File, Format Version 12.00
# Visual Studio Version 16
VisualStudioVersion = 16.0.31229.75
MinimumVisualStudioVersion = 10.0.40219.1
Project("{2150E333-8FDC-42A3-9474-1A3956D46DE8}") = "Intro", "Intro", "{FCE6945E-3217-4122-A349-C40225A94167}"
EndProject
Project("{9A19103F-16F7-4668-BE54-9A1E7A4F7556}") = "Producer.One", "Producer.One\Producer.One.csproj", "{BBA1EB66-DD3B-4BAA-A2DF-DE543B4F1702}"
EndProject
Project("{9A19103F-16F7-4668-BE54-9A1E7A4F7556}") = "Subscriber.One", "Subscriber.One\Subscriber.One.csproj", "{673DBEFC-D485-4910-84F1-06F0A47CAD31}"
EndProject
Project("{9A19103F-16F7-4668-BE54-9A1E7A4F7556}") = "Subscriber.One.Ext1", "Subscriber.One.Ext1\Subscriber.One.Ext1.csproj", "{D3ACBEE2-6B15-4372-A3C1-8AE4720F72AC}"
EndProject
Project("{2150E333-8FDC-42A3-9474-1A3956D46DE8}") = "Durable Queue and Message", "Durable Queue and Message", "{3F053525-9E6D-4DB6-B8E5-45A3F00E1EE3}"
EndProject
Project("{9A19103F-16F7-4668-BE54-9A1E7A4F7556}") = "Producer.Two", "Producer.Two\Producer.Two.csproj", "{30CBB09F-C1BA-4A00-BF17-DB2BECD95BA0}"
EndProject
Project("{9A19103F-16F7-4668-BE54-9A1E7A4F7556}") = "Subscriber.Two", "Subscriber.Two\Subscriber.Two.csproj", "{357C69FE-264A-41DF-AB66-0C5BCE51FC5B}"
EndProject
Project("{2150E333-8FDC-42A3-9474-1A3956D46DE8}") = "Exchanges", "Exchanges", "{9969CA72-C808-4CE8-AAA7-20576486ED42}"
EndProject
Project("{2150E333-8FDC-42A3-9474-1A3956D46DE8}") = "Fanout", "Fanout", "{3BDC17EC-45BA-4C86-B870-A6F5B5417908}"
EndProject
Project("{9A19103F-16F7-4668-BE54-9A1E7A4F7556}") = "Publisher.FanOut", "Publisher.FanOut\Publisher.FanOut.csproj", "{C2A97ED5-A8F0-4617-841A-2B9BDA286080}"
EndProject
Project("{9A19103F-16F7-4668-BE54-9A1E7A4F7556}") = "Subscriber.FanOut.1", "Subscriber.FanOut.1\Subscriber.FanOut.1.csproj", "{0265D689-B018-421C-A2AF-CD21C518F461}"
EndProject
Project("{9A19103F-16F7-4668-BE54-9A1E7A4F7556}") = "Subscriber.FanOut.2", "Subscriber.FanOut.2\Subscriber.FanOut.2.csproj", "{0ACEC329-826A-423B-8F2F-265BF8589B1A}"
EndProject
Project("{2150E333-8FDC-42A3-9474-1A3956D46DE8}") = "Direct", "Direct", "{27437818-D88D-4A00-956B-695E09B9657F}"
EndProject
Project("{9A19103F-16F7-4668-BE54-9A1E7A4F7556}") = "Producer.Direct", "Producer.Direct\Producer.Direct.csproj", "{6C501D62-9A02-4908-92A5-22C4F1D678AA}"
EndProject
Project("{9A19103F-16F7-4668-BE54-9A1E7A4F7556}") = "Subscriber.Direct.Node1", "Subscriber.Direct.Node1\Subscriber.Direct.Node1.csproj", "{CBC12F80-9136-4043-80EF-5DC05C4A5E39}"
EndProject
Project("{9A19103F-16F7-4668-BE54-9A1E7A4F7556}") = "Subscriber.Direct.Node2", "Subscriber.Direct.Node2\Subscriber.Direct.Node2.csproj", "{11A5EEEF-65F7-4383-ADEE-65AA346C5A74}"
EndProject
Project("{2150E333-8FDC-42A3-9474-1A3956D46DE8}") = "Topic", "Topic", "{056EBF5D-A406-4F62-B58A-72DF9E68EE1E}"
EndProject
Project("{FAE04EC0-301F-11D3-BF4B-00C04F79EFBC}") = "Topic.Producer", "Topic.Producer\Topic.Producer.csproj", "{560C79BA-2553-4D14-88A8-78E3F4C0F8F0}"
EndProject
Project("{FAE04EC0-301F-11D3-BF4B-00C04F79EFBC}") = "Topic.Subscriber", "Topic.Subscriber\Topic.Subscriber.csproj", "{073C938F-0CA8-4C51-8B3B-275A55B35182}"
EndProject
Project("{2150E333-8FDC-42A3-9474-1A3956D46DE8}") = "Header", "Header", "{AD2E5F56-3EEC-406A-A029-82B1A80885EA}"
EndProject
Project("{FAE04EC0-301F-11D3-BF4B-00C04F79EFBC}") = "Header.Producer", "Header.Producer\Header.Producer.csproj", "{4A1FCEAB-295F-48C1-AC1F-1BD38C35E898}"
EndProject
Project("{FAE04EC0-301F-11D3-BF4B-00C04F79EFBC}") = "Header.Subscriber", "Header.Subscriber\Header.Subscriber.csproj", "{56D6E839-F409-4CA7-B943-D692FA199D97}"
EndProject
Global
	GlobalSection(SolutionConfigurationPlatforms) = preSolution
		Debug|Any CPU = Debug|Any CPU
		Release|Any CPU = Release|Any CPU
	EndGlobalSection
	GlobalSection(ProjectConfigurationPlatforms) = postSolution
		{BBA1EB66-DD3B-4BAA-A2DF-DE543B4F1702}.Debug|Any CPU.ActiveCfg = Debug|Any CPU
		{BBA1EB66-DD3B-4BAA-A2DF-DE543B4F1702}.Debug|Any CPU.Build.0 = Debug|Any CPU
		{BBA1EB66-DD3B-4BAA-A2DF-DE543B4F1702}.Release|Any CPU.ActiveCfg = Release|Any CPU
		{BBA1EB66-DD3B-4BAA-A2DF-DE543B4F1702}.Release|Any CPU.Build.0 = Release|Any CPU
		{673DBEFC-D485-4910-84F1-06F0A47CAD31}.Debug|Any CPU.ActiveCfg = Debug|Any CPU
		{673DBEFC-D485-4910-84F1-06F0A47CAD31}.Debug|Any CPU.Build.0 = Debug|Any CPU
		{673DBEFC-D485-4910-84F1-06F0A47CAD31}.Release|Any CPU.ActiveCfg = Release|Any CPU
		{673DBEFC-D485-4910-84F1-06F0A47CAD31}.Release|Any CPU.Build.0 = Release|Any CPU
		{D3ACBEE2-6B15-4372-A3C1-8AE4720F72AC}.Debug|Any CPU.ActiveCfg = Debug|Any CPU
		{D3ACBEE2-6B15-4372-A3C1-8AE4720F72AC}.Debug|Any CPU.Build.0 = Debug|Any CPU
		{D3ACBEE2-6B15-4372-A3C1-8AE4720F72AC}.Release|Any CPU.ActiveCfg = Release|Any CPU
		{D3ACBEE2-6B15-4372-A3C1-8AE4720F72AC}.Release|Any CPU.Build.0 = Release|Any CPU
		{30CBB09F-C1BA-4A00-BF17-DB2BECD95BA0}.Debug|Any CPU.ActiveCfg = Debug|Any CPU
		{30CBB09F-C1BA-4A00-BF17-DB2BECD95BA0}.Debug|Any CPU.Build.0 = Debug|Any CPU
		{30CBB09F-C1BA-4A00-BF17-DB2BECD95BA0}.Release|Any CPU.ActiveCfg = Release|Any CPU
		{30CBB09F-C1BA-4A00-BF17-DB2BECD95BA0}.Release|Any CPU.Build.0 = Release|Any CPU
		{357C69FE-264A-41DF-AB66-0C5BCE51FC5B}.Debug|Any CPU.ActiveCfg = Debug|Any CPU
		{357C69FE-264A-41DF-AB66-0C5BCE51FC5B}.Debug|Any CPU.Build.0 = Debug|Any CPU
		{357C69FE-264A-41DF-AB66-0C5BCE51FC5B}.Release|Any CPU.ActiveCfg = Release|Any CPU
		{357C69FE-264A-41DF-AB66-0C5BCE51FC5B}.Release|Any CPU.Build.0 = Release|Any CPU
		{C2A97ED5-A8F0-4617-841A-2B9BDA286080}.Debug|Any CPU.ActiveCfg = Debug|Any CPU
		{C2A97ED5-A8F0-4617-841A-2B9BDA286080}.Debug|Any CPU.Build.0 = Debug|Any CPU
		{C2A97ED5-A8F0-4617-841A-2B9BDA286080}.Release|Any CPU.ActiveCfg = Release|Any CPU
		{C2A97ED5-A8F0-4617-841A-2B9BDA286080}.Release|Any CPU.Build.0 = Release|Any CPU
		{0265D689-B018-421C-A2AF-CD21C518F461}.Debug|Any CPU.ActiveCfg = Debug|Any CPU
		{0265D689-B018-421C-A2AF-CD21C518F461}.Debug|Any CPU.Build.0 = Debug|Any CPU
		{0265D689-B018-421C-A2AF-CD21C518F461}.Release|Any CPU.ActiveCfg = Release|Any CPU
		{0265D689-B018-421C-A2AF-CD21C518F461}.Release|Any CPU.Build.0 = Release|Any CPU
		{0ACEC329-826A-423B-8F2F-265BF8589B1A}.Debug|Any CPU.ActiveCfg = Debug|Any CPU
		{0ACEC329-826A-423B-8F2F-265BF8589B1A}.Debug|Any CPU.Build.0 = Debug|Any CPU
		{0ACEC329-826A-423B-8F2F-265BF8589B1A}.Release|Any CPU.ActiveCfg = Release|Any CPU
		{0ACEC329-826A-423B-8F2F-265BF8589B1A}.Release|Any CPU.Build.0 = Release|Any CPU
		{6C501D62-9A02-4908-92A5-22C4F1D678AA}.Debug|Any CPU.ActiveCfg = Debug|Any CPU
		{6C501D62-9A02-4908-92A5-22C4F1D678AA}.Debug|Any CPU.Build.0 = Debug|Any CPU
		{6C501D62-9A02-4908-92A5-22C4F1D678AA}.Release|Any CPU.ActiveCfg = Release|Any CPU
		{6C501D62-9A02-4908-92A5-22C4F1D678AA}.Release|Any CPU.Build.0 = Release|Any CPU
		{CBC12F80-9136-4043-80EF-5DC05C4A5E39}.Debug|Any CPU.ActiveCfg = Debug|Any CPU
		{CBC12F80-9136-4043-80EF-5DC05C4A5E39}.Debug|Any CPU.Build.0 = Debug|Any CPU
		{CBC12F80-9136-4043-80EF-5DC05C4A5E39}.Release|Any CPU.ActiveCfg = Release|Any CPU
		{CBC12F80-9136-4043-80EF-5DC05C4A5E39}.Release|Any CPU.Build.0 = Release|Any CPU
		{11A5EEEF-65F7-4383-ADEE-65AA346C5A74}.Debug|Any CPU.ActiveCfg = Debug|Any CPU
		{11A5EEEF-65F7-4383-ADEE-65AA346C5A74}.Debug|Any CPU.Build.0 = Debug|Any CPU
		{11A5EEEF-65F7-4383-ADEE-65AA346C5A74}.Release|Any CPU.ActiveCfg = Release|Any CPU
		{11A5EEEF-65F7-4383-ADEE-65AA346C5A74}.Release|Any CPU.Build.0 = Release|Any CPU
		{560C79BA-2553-4D14-88A8-78E3F4C0F8F0}.Debug|Any CPU.ActiveCfg = Debug|Any CPU
		{560C79BA-2553-4D14-88A8-78E3F4C0F8F0}.Debug|Any CPU.Build.0 = Debug|Any CPU
		{560C79BA-2553-4D14-88A8-78E3F4C0F8F0}.Release|Any CPU.ActiveCfg = Release|Any CPU
		{560C79BA-2553-4D14-88A8-78E3F4C0F8F0}.Release|Any CPU.Build.0 = Release|Any CPU
		{073C938F-0CA8-4C51-8B3B-275A55B35182}.Debug|Any CPU.ActiveCfg = Debug|Any CPU
		{073C938F-0CA8-4C51-8B3B-275A55B35182}.Debug|Any CPU.Build.0 = Debug|Any CPU
		{073C938F-0CA8-4C51-8B3B-275A55B35182}.Release|Any CPU.ActiveCfg = Release|Any CPU
		{073C938F-0CA8-4C51-8B3B-275A55B35182}.Release|Any CPU.Build.0 = Release|Any CPU
		{4A1FCEAB-295F-48C1-AC1F-1BD38C35E898}.Debug|Any CPU.ActiveCfg = Debug|Any CPU
		{4A1FCEAB-295F-48C1-AC1F-1BD38C35E898}.Debug|Any CPU.Build.0 = Debug|Any CPU
		{4A1FCEAB-295F-48C1-AC1F-1BD38C35E898}.Release|Any CPU.ActiveCfg = Release|Any CPU
		{4A1FCEAB-295F-48C1-AC1F-1BD38C35E898}.Release|Any CPU.Build.0 = Release|Any CPU
		{56D6E839-F409-4CA7-B943-D692FA199D97}.Debug|Any CPU.ActiveCfg = Debug|Any CPU
		{56D6E839-F409-4CA7-B943-D692FA199D97}.Debug|Any CPU.Build.0 = Debug|Any CPU
		{56D6E839-F409-4CA7-B943-D692FA199D97}.Release|Any CPU.ActiveCfg = Release|Any CPU
		{56D6E839-F409-4CA7-B943-D692FA199D97}.Release|Any CPU.Build.0 = Release|Any CPU
	EndGlobalSection
	GlobalSection(SolutionProperties) = preSolution
		HideSolutionNode = FALSE
	EndGlobalSection
	GlobalSection(NestedProjects) = preSolution
		{BBA1EB66-DD3B-4BAA-A2DF-DE543B4F1702} = {FCE6945E-3217-4122-A349-C40225A94167}
		{673DBEFC-D485-4910-84F1-06F0A47CAD31} = {FCE6945E-3217-4122-A349-C40225A94167}
		{D3ACBEE2-6B15-4372-A3C1-8AE4720F72AC} = {FCE6945E-3217-4122-A349-C40225A94167}
		{30CBB09F-C1BA-4A00-BF17-DB2BECD95BA0} = {3F053525-9E6D-4DB6-B8E5-45A3F00E1EE3}
		{357C69FE-264A-41DF-AB66-0C5BCE51FC5B} = {3F053525-9E6D-4DB6-B8E5-45A3F00E1EE3}
		{3BDC17EC-45BA-4C86-B870-A6F5B5417908} = {9969CA72-C808-4CE8-AAA7-20576486ED42}
		{C2A97ED5-A8F0-4617-841A-2B9BDA286080} = {3BDC17EC-45BA-4C86-B870-A6F5B5417908}
		{0265D689-B018-421C-A2AF-CD21C518F461} = {3BDC17EC-45BA-4C86-B870-A6F5B5417908}
		{0ACEC329-826A-423B-8F2F-265BF8589B1A} = {3BDC17EC-45BA-4C86-B870-A6F5B5417908}
		{27437818-D88D-4A00-956B-695E09B9657F} = {9969CA72-C808-4CE8-AAA7-20576486ED42}
		{6C501D62-9A02-4908-92A5-22C4F1D678AA} = {27437818-D88D-4A00-956B-695E09B9657F}
		{CBC12F80-9136-4043-80EF-5DC05C4A5E39} = {27437818-D88D-4A00-956B-695E09B9657F}
		{11A5EEEF-65F7-4383-ADEE-65AA346C5A74} = {27437818-D88D-4A00-956B-695E09B9657F}
		{056EBF5D-A406-4F62-B58A-72DF9E68EE1E} = {9969CA72-C808-4CE8-AAA7-20576486ED42}
		{560C79BA-2553-4D14-88A8-78E3F4C0F8F0} = {056EBF5D-A406-4F62-B58A-72DF9E68EE1E}
		{073C938F-0CA8-4C51-8B3B-275A55B35182} = {056EBF5D-A406-4F62-B58A-72DF9E68EE1E}
		{AD2E5F56-3EEC-406A-A029-82B1A80885EA} = {9969CA72-C808-4CE8-AAA7-20576486ED42}
		{4A1FCEAB-295F-48C1-AC1F-1BD38C35E898} = {AD2E5F56-3EEC-406A-A029-82B1A80885EA}
		{56D6E839-F409-4CA7-B943-D692FA199D97} = {AD2E5F56-3EEC-406A-A029-82B1A80885EA}
	EndGlobalSection
	GlobalSection(ExtensibilityGlobals) = postSolution
		SolutionGuid = {952D682B-FE12-4412-B676-38805BAB7AA4}
	EndGlobalSection
EndGlobal
